<?xml version="1.0" encoding="utf-8"?>
<Project ToolsVersion="4.0" xmlns="http://schemas.microsoft.com/developer/msbuild/2003">
  <ItemGroup>
    <Filter Include="Examples">
      <UniqueIdentifier>{b9c18a2a-3063-400b-89c2-283e6ea5fc47}</UniqueIdentifier>
    </Filter>
  </ItemGroup>
  <ItemGroup>
    <ClInclude Include="Menus.h">
      <Filter>Examples</Filter>
    </ClInclude>
    <ClInclude Include="MultipleTrayIcons.h">
      <Filter>Examples</Filter>
    </ClInclude>
    <ClInclude Include="MultipleWindows.h">
      <Filter>Examples</Filter>
    </ClInclude>
    <ClInclude Include="Controls.h">
      <Filter>Examples</Filter>
    </ClInclude>
    <ClInclude Include="Dialog.h">
      <Filter>Examples</Filter>
    </ClInclude>
    <ClInclude Include="HiddenWindow.h">
      <Filter>Examples</Filter>
    </ClInclude>
    <ClInclude Include="TrayIcon.h">
      <Filter>Examples</Filter>
    </ClInclude>
  </ItemGroup>
  <ItemGroup>
    <ClCompile Include="Main.cpp" />
  </ItemGroup>
</Project>