
Microsoft Visual Studio Solution File, Format Version 12.00
# Visual Studio 2013
VisualStudioVersion = 12.0.40629.0
MinimumVisualStudioVersion = 10.0.40219.1
Project("{8BC9CEB8-8B4A-11D0-8D11-00A0C91BC942}") = "Win33", "Win33\Win33.vcxproj", "{15082FF5-EFB3-430C-B320-609A397B62EC}"
EndProject
Project("{8BC9CEB8-8B4A-11D0-8D11-00A0C91BC942}") = "Win33Examples", "Win33Examples\Win33Examples.vcxproj", "{E6DDB551-AD2E-4B73-93D3-3563A18490C1}"
	ProjectSection(ProjectDependencies) = postProject
		{15082FF5-EFB3-430C-B320-609A397B62EC} = {15082FF5-EFB3-430C-B320-609A397B62EC}
	EndProjectSection
EndProject
Project("{8BC9CEB8-8B4A-11D0-8D11-00A0C91BC942}") = "Win33Calculator", "Win33Calculator\Win33Calculator.vcxproj", "{AB566278-E952-44F1-A370-239F9FABB88C}"
	ProjectSection(ProjectDependencies) = postProject
		{15082FF5-EFB3-430C-B320-609A397B62EC} = {15082FF5-EFB3-430C-B320-609A397B62EC}
	EndProjectSection
EndProject
Global
	GlobalSection(SolutionConfigurationPlatforms) = preSolution
		Debug|Mixed Platforms = Debug|Mixed Platforms
		Debug|Win32 = Debug|Win32
		Debug|x64 = Debug|x64
		Release|Mixed Platforms = Release|Mixed Platforms
		Release|Win32 = Release|Win32
		Release|x64 = Release|x64
	EndGlobalSection
	GlobalSection(ProjectConfigurationPlatforms) = postSolution
		{15082FF5-EFB3-430C-B320-609A397B62EC}.Debug|Mixed Platforms.ActiveCfg = Debug|x64
		{15082FF5-EFB3-430C-B320-609A397B62EC}.Debug|Mixed Platforms.Build.0 = Debug|x64
		{15082FF5-EFB3-430C-B320-609A397B62EC}.Debug|Win32.ActiveCfg = Debug|x64
		{15082FF5-EFB3-430C-B320-609A397B62EC}.Debug|x64.ActiveCfg = Debug|x64
		{15082FF5-EFB3-430C-B320-609A397B62EC}.Debug|x64.Build.0 = Debug|x64
		{15082FF5-EFB3-430C-B320-609A397B62EC}.Release|Mixed Platforms.ActiveCfg = Release|x64
		{15082FF5-EFB3-430C-B320-609A397B62EC}.Release|Mixed Platforms.Build.0 = Release|x64
		{15082FF5-EFB3-430C-B320-609A397B62EC}.Release|Win32.ActiveCfg = Release|x64
		{15082FF5-EFB3-430C-B320-609A397B62EC}.Release|x64.ActiveCfg = Release|x64
		{15082FF5-EFB3-430C-B320-609A397B62EC}.Release|x64.Build.0 = Release|x64
		{E6DDB551-AD2E-4B73-93D3-3563A18490C1}.Debug|Mixed Platforms.ActiveCfg = Debug|x64
		{E6DDB551-AD2E-4B73-93D3-3563A18490C1}.Debug|Mixed Platforms.Build.0 = Debug|x64
		{E6DDB551-AD2E-4B73-93D3-3563A18490C1}.Debug|Win32.ActiveCfg = Debug|x64
		{E6DDB551-AD2E-4B73-93D3-3563A18490C1}.Debug|x64.ActiveCfg = Debug|x64
		{E6DDB551-AD2E-4B73-93D3-3563A18490C1}.Debug|x64.Build.0 = Debug|x64
		{E6DDB551-AD2E-4B73-93D3-3563A18490C1}.Release|Mixed Platforms.ActiveCfg = Release|x64
		{E6DDB551-AD2E-4B73-93D3-3563A18490C1}.Release|Mixed Platforms.Build.0 = Release|x64
		{E6DDB551-AD2E-4B73-93D3-3563A18490C1}.Release|Win32.ActiveCfg = Release|x64
		{E6DDB551-AD2E-4B73-93D3-3563A18490C1}.Release|x64.ActiveCfg = Release|x64
		{E6DDB551-AD2E-4B73-93D3-3563A18490C1}.Release|x64.Build.0 = Release|x64
		{AB566278-E952-44F1-A370-239F9FABB88C}.Debug|Mixed Platforms.ActiveCfg = Debug|x64
		{AB566278-E952-44F1-A370-239F9FABB88C}.Debug|Mixed Platforms.Build.0 = Debug|x64
		{AB566278-E952-44F1-A370-239F9FABB88C}.Debug|Win32.ActiveCfg = Debug|x64
		{AB566278-E952-44F1-A370-239F9FABB88C}.Debug|x64.ActiveCfg = Debug|x64
		{AB566278-E952-44F1-A370-239F9FABB88C}.Debug|x64.Build.0 = Debug|x64
		{AB566278-E952-44F1-A370-239F9FABB88C}.Release|Mixed Platforms.ActiveCfg = Release|x64
		{AB566278-E952-44F1-A370-239F9FABB88C}.Release|Mixed Platforms.Build.0 = Release|x64
		{AB566278-E952-44F1-A370-239F9FABB88C}.Release|Win32.ActiveCfg = Release|x64
		{AB566278-E952-44F1-A370-239F9FABB88C}.Release|x64.ActiveCfg = Release|x64
		{AB566278-E952-44F1-A370-239F9FABB88C}.Release|x64.Build.0 = Release|x64
	EndGlobalSection
	GlobalSection(SolutionProperties) = preSolution
		HideSolutionNode = FALSE
	EndGlobalSection
EndGlobal
