
Microsoft Visual Studio Solution File, Format Version 12.00
# Visual Studio 15
VisualStudioVersion = 15.0.28307.136
MinimumVisualStudioVersion = 10.0.40219.1
Project("{8BC9CEB8-8B4A-11D0-8D11-00A0C91BC942}") = "Win33", "Win33\Win33.vcxproj", "{51187E9C-D877-40BA-9ECD-1E0DB218A8F1}"
EndProject
Project("{8BC9CEB8-8B4A-11D0-8D11-00A0C91BC942}") = "Win33Examples", "Win33Examples\Win33Examples.vcxproj", "{1E7EE09C-7927-4B59-A852-C2108D1897FF}"
	ProjectSection(ProjectDependencies) = postProject
		{51187E9C-D877-40BA-9ECD-1E0DB218A8F1} = {51187E9C-D877-40BA-9ECD-1E0DB218A8F1}
	EndProjectSection
EndProject
Global
	GlobalSection(SolutionConfigurationPlatforms) = preSolution
		Debug|x64 = Debug|x64
		Release|x64 = Release|x64
	EndGlobalSection
	GlobalSection(ProjectConfigurationPlatforms) = postSolution
		{51187E9C-D877-40BA-9ECD-1E0DB218A8F1}.Debug|x64.ActiveCfg = Debug|x64
		{51187E9C-D877-40BA-9ECD-1E0DB218A8F1}.Debug|x64.Build.0 = Debug|x64
		{51187E9C-D877-40BA-9ECD-1E0DB218A8F1}.Release|x64.ActiveCfg = Release|x64
		{51187E9C-D877-40BA-9ECD-1E0DB218A8F1}.Release|x64.Build.0 = Release|x64
		{1E7EE09C-7927-4B59-A852-C2108D1897FF}.Debug|x64.ActiveCfg = Debug|x64
		{1E7EE09C-7927-4B59-A852-C2108D1897FF}.Debug|x64.Build.0 = Debug|x64
		{1E7EE09C-7927-4B59-A852-C2108D1897FF}.Release|x64.ActiveCfg = Release|x64
		{1E7EE09C-7927-4B59-A852-C2108D1897FF}.Release|x64.Build.0 = Release|x64
	EndGlobalSection
	GlobalSection(SolutionProperties) = preSolution
		HideSolutionNode = FALSE
	EndGlobalSection
	GlobalSection(ExtensibilityGlobals) = postSolution
		SolutionGuid = {66A49C7B-83FD-4EB9-9C89-550C9B10D5D4}
	EndGlobalSection
EndGlobal
