<?xml version="1.0" encoding="utf-8"?>
<Project ToolsVersion="4.0" xmlns="http://schemas.microsoft.com/developer/msbuild/2003">
  <ItemGroup>
    <Filter Include="Win33">
      <UniqueIdentifier>{258c683c-4ab1-43ea-9080-802eaba61f7c}</UniqueIdentifier>
    </Filter>
    <Filter Include="Win33\Application">
      <UniqueIdentifier>{9da03a3c-1a3a-4d1e-a909-a8d25bb696a8}</UniqueIdentifier>
    </Filter>
    <Filter Include="Win33\Controls">
      <UniqueIdentifier>{57ca9c44-5598-4139-8055-460f2fbadca1}</UniqueIdentifier>
    </Filter>
    <Filter Include="Win33\Menus">
      <UniqueIdentifier>{51b18a6b-41e2-47fc-9f42-e0cb4bf37b75}</UniqueIdentifier>
    </Filter>
    <Filter Include="Win33\Resource">
      <UniqueIdentifier>{e68e23a5-39d4-4fe5-a6e3-aea2898fa9f8}</UniqueIdentifier>
    </Filter>
    <Filter Include="Win33\System Tray">
      <UniqueIdentifier>{92800d24-93e2-4f1b-a980-ea74343d2024}</UniqueIdentifier>
    </Filter>
    <Filter Include="Win33\Utility">
      <UniqueIdentifier>{ef7bded9-3d8c-4a67-a87b-21aa516f8dd9}</UniqueIdentifier>
    </Filter>
    <Filter Include="Win33\Windows">
      <UniqueIdentifier>{38c07364-331c-4233-ba02-eece8f92a725}</UniqueIdentifier>
    </Filter>
    <Filter Include="Win33\Controls\Buttons">
      <UniqueIdentifier>{83ec4360-987e-4ad5-9f7a-24ae30784f29}</UniqueIdentifier>
    </Filter>
    <Filter Include="Win33\Controls\Misc">
      <UniqueIdentifier>{730edb0f-ba65-4001-ac4b-d36274c1213b}</UniqueIdentifier>
    </Filter>
    <Filter Include="Win33\Controls\Text">
      <UniqueIdentifier>{95f4d8fd-5d77-4bdb-8d51-c8e29a72d267}</UniqueIdentifier>
    </Filter>
    <Filter Include="Win33\Controls\Text Boxes">
      <UniqueIdentifier>{1d8369af-6d13-4a6f-8296-e07fd42b7975}</UniqueIdentifier>
    </Filter>
    <Filter Include="Win33\Controls\Combo Boxes">
      <UniqueIdentifier>{cf3c24a4-dd04-43a8-b3e1-16905aba1ab9}</UniqueIdentifier>
    </Filter>
    <Filter Include="Win33\Controls\List Boxes">
      <UniqueIdentifier>{f5319a1a-977a-481e-b2c6-9f4189a31ba5}</UniqueIdentifier>
    </Filter>
    <Filter Include="Win33\Controls\Buttons\Button">
      <UniqueIdentifier>{54b55b0d-336f-4cc0-95a2-e61857ea72d6}</UniqueIdentifier>
    </Filter>
    <Filter Include="Win33\Controls\Buttons\CheckBox">
      <UniqueIdentifier>{020ee728-cfbd-4909-9d76-2de65a3cc84a}</UniqueIdentifier>
    </Filter>
    <Filter Include="Win33\Controls\Buttons\Radio Button">
      <UniqueIdentifier>{4df26882-6e4c-45ba-bcad-47ef01a337b6}</UniqueIdentifier>
    </Filter>
    <Filter Include="Win33\Controls\Combo Boxes\Combo Box">
      <UniqueIdentifier>{edba1ba3-4707-4646-8d33-cabd1ea97dde}</UniqueIdentifier>
    </Filter>
    <Filter Include="Win33\Controls\Combo Boxes\Drop Down">
      <UniqueIdentifier>{293a896d-30cd-4cf1-b8ef-b59d278fbb93}</UniqueIdentifier>
    </Filter>
    <Filter Include="Win33\Controls\List Boxes\List Box">
      <UniqueIdentifier>{8a8ac80a-6e21-441d-84e4-03e3248cbca3}</UniqueIdentifier>
    </Filter>
    <Filter Include="Win33\Controls\List Boxes\Multi Select List Box">
      <UniqueIdentifier>{d5dea760-18df-47c8-86f1-409f13ace3f2}</UniqueIdentifier>
    </Filter>
    <Filter Include="Win33\Controls\Misc\Group Box">
      <UniqueIdentifier>{40833bf1-ad1c-4fa8-82bd-06eb08bc3c75}</UniqueIdentifier>
    </Filter>
    <Filter Include="Win33\Controls\Text\Label">
      <UniqueIdentifier>{af77447f-27f4-4b54-b044-e217e61f3b00}</UniqueIdentifier>
    </Filter>
    <Filter Include="Win33\Controls\Text Boxes\Multiline Text Box">
      <UniqueIdentifier>{015922cb-3637-4b5c-8207-3a6ce0ae77ab}</UniqueIdentifier>
    </Filter>
    <Filter Include="Win33\Controls\Text Boxes\Password Box">
      <UniqueIdentifier>{54efed00-78e5-4eab-af94-70a5522ad5f9}</UniqueIdentifier>
    </Filter>
    <Filter Include="Win33\Controls\Text Boxes\Text Box">
      <UniqueIdentifier>{050cb4fb-fcc2-4471-ad20-830f3921cdc1}</UniqueIdentifier>
    </Filter>
    <Filter Include="Win33\Menus\Context Menu">
      <UniqueIdentifier>{dd38bae7-c30c-4520-b14a-31a5beac6668}</UniqueIdentifier>
    </Filter>
    <Filter Include="Win33\Menus\Menu">
      <UniqueIdentifier>{cfc9ce9d-a3cb-4a1a-a863-76ef0286ecf6}</UniqueIdentifier>
    </Filter>
    <Filter Include="Win33\Menus\Menu Bar">
      <UniqueIdentifier>{39f4f92c-3abf-44d2-9b7f-001201fc3a7f}</UniqueIdentifier>
    </Filter>
    <Filter Include="Win33\Menus\Menu Item">
      <UniqueIdentifier>{38e9f594-edec-4d5c-b530-b06662aa0b1b}</UniqueIdentifier>
    </Filter>
    <Filter Include="Win33\Menus\Separator">
      <UniqueIdentifier>{b257ec43-7b78-4623-b63d-727e29162a67}</UniqueIdentifier>
    </Filter>
    <Filter Include="Win33\Resource\Font">
      <UniqueIdentifier>{9b96be55-dabd-4395-b14b-aa1217c84a92}</UniqueIdentifier>
    </Filter>
    <Filter Include="Win33\Resource\Icon">
      <UniqueIdentifier>{a19fbd37-6a22-4740-9c25-6c9acd8461a8}</UniqueIdentifier>
    </Filter>
    <Filter Include="Win33\System Tray\Tray Icon">
      <UniqueIdentifier>{e5dbb7ad-6f0e-44f5-887b-40ed11868984}</UniqueIdentifier>
    </Filter>
    <Filter Include="Win33\Utility\Keys">
      <UniqueIdentifier>{83fe80a8-239d-4ef3-9c62-bce25dda53ce}</UniqueIdentifier>
    </Filter>
    <Filter Include="Win33\Utility\Point">
      <UniqueIdentifier>{97895fbb-9ce2-4a87-abc9-ce8ae40df8f4}</UniqueIdentifier>
    </Filter>
    <Filter Include="Win33\Utility\Size">
      <UniqueIdentifier>{873f1b21-5a70-4533-b652-3da91bc796c4}</UniqueIdentifier>
    </Filter>
    <Filter Include="Win33\Utility\String">
      <UniqueIdentifier>{67953f0c-ba2a-4515-9f9b-5570b5323eeb}</UniqueIdentifier>
    </Filter>
    <Filter Include="Win33\Windows\Dialog">
      <UniqueIdentifier>{61b309bd-e749-4f11-bc63-02de1929a1ae}</UniqueIdentifier>
    </Filter>
    <Filter Include="Win33\Windows\Popup Box">
      <UniqueIdentifier>{9b562228-58b2-4a31-814a-9bba45a49a3c}</UniqueIdentifier>
    </Filter>
    <Filter Include="Win33\Windows\Window">
      <UniqueIdentifier>{82f8fb2b-16bb-47c6-bcb2-287a9ac291c0}</UniqueIdentifier>
    </Filter>
    <Filter Include="Win33\Graphics">
      <UniqueIdentifier>{433c3530-d6bc-429b-adcc-69c34cf6f56c}</UniqueIdentifier>
    </Filter>
    <Filter Include="Win33\Graphics\Pen">
      <UniqueIdentifier>{25a5bd82-e44c-47ce-9053-4c2470c51a92}</UniqueIdentifier>
    </Filter>
    <Filter Include="Win33\Utility\Misc">
      <UniqueIdentifier>{d04ebf9d-0553-4901-aff7-48da83941554}</UniqueIdentifier>
    </Filter>
    <Filter Include="Win33\Utility\Console">
      <UniqueIdentifier>{bfdb2ead-1994-4008-be6d-011c07546f1b}</UniqueIdentifier>
    </Filter>
    <Filter Include="Win33\Utility\Debug">
      <UniqueIdentifier>{45421f06-5eae-431f-8c39-9051e048da71}</UniqueIdentifier>
    </Filter>
    <Filter Include="Win33\Utility\Filesystem">
      <UniqueIdentifier>{87f7d9e9-a7b5-4883-9061-5a96251af4d8}</UniqueIdentifier>
    </Filter>
    <Filter Include="Win33\Utility\Error">
      <UniqueIdentifier>{1d94e725-456e-4cf6-8c9d-702289884b75}</UniqueIdentifier>
    </Filter>
  </ItemGroup>
  <ItemGroup>
    <ClInclude Include="Application.h">
      <Filter>Win33\Application</Filter>
    </ClInclude>
    <ClInclude Include="Console.h">
      <Filter>Win33\Utility\Console</Filter>
    </ClInclude>
    <ClInclude Include="Control.h">
      <Filter>Win33\Controls</Filter>
    </ClInclude>
    <ClInclude Include="BitfieldOperators.h">
      <Filter>Win33\Utility</Filter>
    </ClInclude>
    <ClInclude Include="ComparableFunction.h">
      <Filter>Win33\Utility</Filter>
    </ClInclude>
    <ClInclude Include="Button.h">
      <Filter>Win33\Controls\Buttons\Button</Filter>
    </ClInclude>
    <ClInclude Include="CheckBox.h">
      <Filter>Win33\Controls\Buttons\CheckBox</Filter>
    </ClInclude>
    <ClInclude Include="RadioButton.h">
      <Filter>Win33\Controls\Buttons\Radio Button</Filter>
    </ClInclude>
    <ClInclude Include="ComboBox.h">
      <Filter>Win33\Controls\Combo Boxes\Combo Box</Filter>
    </ClInclude>
    <ClInclude Include="DropDown.h">
      <Filter>Win33\Controls\Combo Boxes\Drop Down</Filter>
    </ClInclude>
    <ClInclude Include="ListBox.h">
      <Filter>Win33\Controls\List Boxes\List Box</Filter>
    </ClInclude>
    <ClInclude Include="MultiSelectListBox.h">
      <Filter>Win33\Controls\List Boxes\Multi Select List Box</Filter>
    </ClInclude>
    <ClInclude Include="GroupBox.h">
      <Filter>Win33\Controls\Misc\Group Box</Filter>
    </ClInclude>
    <ClInclude Include="Label.h">
      <Filter>Win33\Controls\Text\Label</Filter>
    </ClInclude>
    <ClInclude Include="MultilineTextBox.h">
      <Filter>Win33\Controls\Text Boxes\Multiline Text Box</Filter>
    </ClInclude>
    <ClInclude Include="PasswordBox.h">
      <Filter>Win33\Controls\Text Boxes\Password Box</Filter>
    </ClInclude>
    <ClInclude Include="TextBox.h">
      <Filter>Win33\Controls\Text Boxes\Text Box</Filter>
    </ClInclude>
    <ClInclude Include="ContextMenu.h">
      <Filter>Win33\Menus\Context Menu</Filter>
    </ClInclude>
    <ClInclude Include="Menu.h">
      <Filter>Win33\Menus\Menu</Filter>
    </ClInclude>
    <ClInclude Include="MenuBar.h">
      <Filter>Win33\Menus\Menu Bar</Filter>
    </ClInclude>
    <ClInclude Include="MenuItem.h">
      <Filter>Win33\Menus\Menu Item</Filter>
    </ClInclude>
    <ClInclude Include="Separator.h">
      <Filter>Win33\Menus\Separator</Filter>
    </ClInclude>
    <ClInclude Include="Font.h">
      <Filter>Win33\Resource\Font</Filter>
    </ClInclude>
    <ClInclude Include="Icon.h">
      <Filter>Win33\Resource\Icon</Filter>
    </ClInclude>
    <ClInclude Include="TrayIcon.h">
      <Filter>Win33\System Tray\Tray Icon</Filter>
    </ClInclude>
    <ClInclude Include="Keys.h">
      <Filter>Win33\Utility\Keys</Filter>
    </ClInclude>
    <ClInclude Include="Point.h">
      <Filter>Win33\Utility\Point</Filter>
    </ClInclude>
    <ClInclude Include="Size.h">
      <Filter>Win33\Utility\Size</Filter>
    </ClInclude>
    <ClInclude Include="Dialog.h">
      <Filter>Win33\Windows\Dialog</Filter>
    </ClInclude>
    <ClInclude Include="PopupBox.h">
      <Filter>Win33\Windows\Popup Box</Filter>
    </ClInclude>
    <ClInclude Include="Window.h">
      <Filter>Win33\Windows\Window</Filter>
    </ClInclude>
    <ClInclude Include="Strings.h">
      <Filter>Win33\Utility\String</Filter>
    </ClInclude>
    <ClInclude Include="Misc.h">
      <Filter>Win33\Utility\Misc</Filter>
    </ClInclude>
    <ClInclude Include="Debug.h">
      <Filter>Win33\Utility\Debug</Filter>
    </ClInclude>
    <ClInclude Include="Filesystem.h">
      <Filter>Win33\Utility\Filesystem</Filter>
    </ClInclude>
    <ClInclude Include="Error.h">
      <Filter>Win33\Utility\Error</Filter>
    </ClInclude>
    <ClInclude Include="Event.h">
      <Filter>Win33\Utility</Filter>
    </ClInclude>
    <ClInclude Include="Pen.h">
      <Filter>Win33\Graphics\Pen</Filter>
    </ClInclude>
  </ItemGroup>
  <ItemGroup>
    <ClCompile Include="Application.cpp">
      <Filter>Win33\Application</Filter>
    </ClCompile>
    <ClCompile Include="Console.cpp">
      <Filter>Win33\Utility\Console</Filter>
    </ClCompile>
    <ClCompile Include="Control.cpp">
      <Filter>Win33\Controls</Filter>
    </ClCompile>
    <ClCompile Include="Button.cpp">
      <Filter>Win33\Controls\Buttons\Button</Filter>
    </ClCompile>
    <ClCompile Include="CheckBox.cpp">
      <Filter>Win33\Controls\Buttons\CheckBox</Filter>
    </ClCompile>
    <ClCompile Include="RadioButton.cpp">
      <Filter>Win33\Controls\Buttons\Radio Button</Filter>
    </ClCompile>
    <ClCompile Include="ComboBox.cpp">
      <Filter>Win33\Controls\Combo Boxes\Combo Box</Filter>
    </ClCompile>
    <ClCompile Include="DropDown.cpp">
      <Filter>Win33\Controls\Combo Boxes\Drop Down</Filter>
    </ClCompile>
    <ClCompile Include="ListBox.cpp">
      <Filter>Win33\Controls\List Boxes\List Box</Filter>
    </ClCompile>
    <ClCompile Include="MultiSelectListBox.cpp">
      <Filter>Win33\Controls\List Boxes\Multi Select List Box</Filter>
    </ClCompile>
    <ClCompile Include="GroupBox.cpp">
      <Filter>Win33\Controls\Misc\Group Box</Filter>
    </ClCompile>
    <ClCompile Include="Label.cpp">
      <Filter>Win33\Controls\Text\Label</Filter>
    </ClCompile>
    <ClCompile Include="MultilineTextBox.cpp">
      <Filter>Win33\Controls\Text Boxes\Multiline Text Box</Filter>
    </ClCompile>
    <ClCompile Include="PasswordBox.cpp">
      <Filter>Win33\Controls\Text Boxes\Password Box</Filter>
    </ClCompile>
    <ClCompile Include="TextBox.cpp">
      <Filter>Win33\Controls\Text Boxes\Text Box</Filter>
    </ClCompile>
    <ClCompile Include="ContextMenu.cpp">
      <Filter>Win33\Menus\Context Menu</Filter>
    </ClCompile>
    <ClCompile Include="Menu.cpp">
      <Filter>Win33\Menus\Menu</Filter>
    </ClCompile>
    <ClCompile Include="MenuBar.cpp">
      <Filter>Win33\Menus\Menu Bar</Filter>
    </ClCompile>
    <ClCompile Include="MenuItem.cpp">
      <Filter>Win33\Menus\Menu Item</Filter>
    </ClCompile>
    <ClCompile Include="Separator.cpp">
      <Filter>Win33\Menus\Separator</Filter>
    </ClCompile>
    <ClCompile Include="Font.cpp">
      <Filter>Win33\Resource\Font</Filter>
    </ClCompile>
    <ClCompile Include="Icon.cpp">
      <Filter>Win33\Resource\Icon</Filter>
    </ClCompile>
    <ClCompile Include="TrayIcon.cpp">
      <Filter>Win33\System Tray\Tray Icon</Filter>
    </ClCompile>
    <ClCompile Include="Keys.cpp">
      <Filter>Win33\Utility\Keys</Filter>
    </ClCompile>
    <ClCompile Include="Point.cpp">
      <Filter>Win33\Utility\Point</Filter>
    </ClCompile>
    <ClCompile Include="Size.cpp">
      <Filter>Win33\Utility\Size</Filter>
    </ClCompile>
    <ClCompile Include="PopupBox.cpp">
      <Filter>Win33\Windows\Popup Box</Filter>
    </ClCompile>
    <ClCompile Include="Window.cpp">
      <Filter>Win33\Windows\Window</Filter>
    </ClCompile>
    <ClCompile Include="Strings.cpp">
      <Filter>Win33\Utility\String</Filter>
    </ClCompile>
    <ClCompile Include="Misc.cpp">
      <Filter>Win33\Utility\Misc</Filter>
    </ClCompile>
    <ClCompile Include="Debug.cpp">
      <Filter>Win33\Utility\Debug</Filter>
    </ClCompile>
    <ClCompile Include="Error.cpp">
      <Filter>Win33\Utility\Error</Filter>
    </ClCompile>
  </ItemGroup>
</Project>