<?xml version="1.0" encoding="utf-8"?>
<Project ToolsVersion="4.0" xmlns="http://schemas.microsoft.com/developer/msbuild/2003">
  <ItemGroup>
    <Filter Include="Win33">
      <UniqueIdentifier>{258c683c-4ab1-43ea-9080-802eaba61f7c}</UniqueIdentifier>
    </Filter>
    <Filter Include="Win33\Application">
      <UniqueIdentifier>{9da03a3c-1a3a-4d1e-a909-a8d25bb696a8}</UniqueIdentifier>
    </Filter>
    <Filter Include="Win33\Console">
      <UniqueIdentifier>{bfdb2ead-1994-4008-be6d-011c07546f1b}</UniqueIdentifier>
    </Filter>
    <Filter Include="Win33\Controls">
      <UniqueIdentifier>{57ca9c44-5598-4139-8055-460f2fbadca1}</UniqueIdentifier>
    </Filter>
    <Filter Include="Win33\Core">
      <UniqueIdentifier>{be448d95-1094-4df5-9cb4-a8dd3230dce9}</UniqueIdentifier>
    </Filter>
    <Filter Include="Win33\Events">
      <UniqueIdentifier>{918e485b-a6b1-4e08-a6d6-ea5df2e8406b}</UniqueIdentifier>
    </Filter>
    <Filter Include="Win33\Interop">
      <UniqueIdentifier>{c01ed448-832e-4da6-b983-786126f54bb0}</UniqueIdentifier>
    </Filter>
    <Filter Include="Win33\Menus">
      <UniqueIdentifier>{51b18a6b-41e2-47fc-9f42-e0cb4bf37b75}</UniqueIdentifier>
    </Filter>
    <Filter Include="Win33\Resource">
      <UniqueIdentifier>{e68e23a5-39d4-4fe5-a6e3-aea2898fa9f8}</UniqueIdentifier>
    </Filter>
    <Filter Include="Win33\System Tray">
      <UniqueIdentifier>{92800d24-93e2-4f1b-a980-ea74343d2024}</UniqueIdentifier>
    </Filter>
    <Filter Include="Win33\Utility">
      <UniqueIdentifier>{ef7bded9-3d8c-4a67-a87b-21aa516f8dd9}</UniqueIdentifier>
    </Filter>
    <Filter Include="Win33\Windows">
      <UniqueIdentifier>{38c07364-331c-4233-ba02-eece8f92a725}</UniqueIdentifier>
    </Filter>
    <Filter Include="Win33\Controls\Buttons">
      <UniqueIdentifier>{83ec4360-987e-4ad5-9f7a-24ae30784f29}</UniqueIdentifier>
    </Filter>
    <Filter Include="Win33\Controls\Misc">
      <UniqueIdentifier>{730edb0f-ba65-4001-ac4b-d36274c1213b}</UniqueIdentifier>
    </Filter>
    <Filter Include="Win33\Controls\Text">
      <UniqueIdentifier>{95f4d8fd-5d77-4bdb-8d51-c8e29a72d267}</UniqueIdentifier>
    </Filter>
    <Filter Include="Win33\Controls\Text Boxes">
      <UniqueIdentifier>{1d8369af-6d13-4a6f-8296-e07fd42b7975}</UniqueIdentifier>
    </Filter>
    <Filter Include="Win33\Controls\Combo Boxes">
      <UniqueIdentifier>{cf3c24a4-dd04-43a8-b3e1-16905aba1ab9}</UniqueIdentifier>
    </Filter>
    <Filter Include="Win33\Controls\List Boxes">
      <UniqueIdentifier>{f5319a1a-977a-481e-b2c6-9f4189a31ba5}</UniqueIdentifier>
    </Filter>
  </ItemGroup>
  <ItemGroup>
    <ClInclude Include="Win33Application.h">
      <Filter>Win33\Application</Filter>
    </ClInclude>
    <ClInclude Include="Win33BitfieldOperators.h">
      <Filter>Win33\Utility</Filter>
    </ClInclude>
    <ClInclude Include="Win33Button.h">
      <Filter>Win33\Controls\Buttons</Filter>
    </ClInclude>
    <ClInclude Include="Win33ButtonEvents.h">
      <Filter>Win33\Events</Filter>
    </ClInclude>
    <ClInclude Include="Win33CheckBox.h">
      <Filter>Win33\Controls\Buttons</Filter>
    </ClInclude>
    <ClInclude Include="Win33CheckBoxEvents.h">
      <Filter>Win33\Events</Filter>
    </ClInclude>
    <ClInclude Include="Win33Common.h">
      <Filter>Win33\Core</Filter>
    </ClInclude>
    <ClInclude Include="Win33Console.h">
      <Filter>Win33\Console</Filter>
    </ClInclude>
    <ClInclude Include="Win33Control.h">
      <Filter>Win33\Controls</Filter>
    </ClInclude>
    <ClInclude Include="Win33Dialog.h">
      <Filter>Win33\Windows</Filter>
    </ClInclude>
    <ClInclude Include="Win33Event.h">
      <Filter>Win33\Events</Filter>
    </ClInclude>
    <ClInclude Include="Win33Font.h">
      <Filter>Win33\Resource</Filter>
    </ClInclude>
    <ClInclude Include="Win33GroupBox.h">
      <Filter>Win33\Controls\Misc</Filter>
    </ClInclude>
    <ClInclude Include="Win33Icon.h">
      <Filter>Win33\Resource</Filter>
    </ClInclude>
    <ClInclude Include="Win33Interop.h">
      <Filter>Win33\Interop</Filter>
    </ClInclude>
    <ClInclude Include="Win33Label.h">
      <Filter>Win33\Controls\Text</Filter>
    </ClInclude>
    <ClInclude Include="Win33LabelEvents.h">
      <Filter>Win33\Events</Filter>
    </ClInclude>
    <ClInclude Include="Win33MenuItemEvents.h">
      <Filter>Win33\Events</Filter>
    </ClInclude>
    <ClInclude Include="Win33MultilineTextBox.h">
      <Filter>Win33\Controls\Text Boxes</Filter>
    </ClInclude>
    <ClInclude Include="Win33PasswordBox.h">
      <Filter>Win33\Controls\Text Boxes</Filter>
    </ClInclude>
    <ClInclude Include="Win33Point.h">
      <Filter>Win33\Utility</Filter>
    </ClInclude>
    <ClInclude Include="Win33RadioButton.h">
      <Filter>Win33\Controls\Buttons</Filter>
    </ClInclude>
    <ClInclude Include="Win33RadioButtonEvents.h">
      <Filter>Win33\Events</Filter>
    </ClInclude>
    <ClInclude Include="Win33Size.h">
      <Filter>Win33\Utility</Filter>
    </ClInclude>
    <ClInclude Include="Win33System.h">
      <Filter>Win33\Core</Filter>
    </ClInclude>
    <ClInclude Include="Win33TextBox.h">
      <Filter>Win33\Controls\Text Boxes</Filter>
    </ClInclude>
    <ClInclude Include="Win33TrayIcon.h">
      <Filter>Win33\System Tray</Filter>
    </ClInclude>
    <ClInclude Include="Win33TrayIconEvents.h">
      <Filter>Win33\Events</Filter>
    </ClInclude>
    <ClInclude Include="Win33Window.h">
      <Filter>Win33\Windows</Filter>
    </ClInclude>
    <ClInclude Include="Win33WindowEvents.h">
      <Filter>Win33\Events</Filter>
    </ClInclude>
    <ClInclude Include="Win33PopupBox.h">
      <Filter>Win33\Windows</Filter>
    </ClInclude>
    <ClInclude Include="Win33ComboBox.h">
      <Filter>Win33\Controls\Combo Boxes</Filter>
    </ClInclude>
    <ClInclude Include="Win33DropDown.h">
      <Filter>Win33\Controls\Combo Boxes</Filter>
    </ClInclude>
    <ClInclude Include="Win33StringUtilities.h">
      <Filter>Win33\Utility</Filter>
    </ClInclude>
    <ClInclude Include="Win33ListBox.h">
      <Filter>Win33\Controls\List Boxes</Filter>
    </ClInclude>
    <ClInclude Include="Win33MultiSelectListBox.h">
      <Filter>Win33\Controls\List Boxes</Filter>
    </ClInclude>
    <ClInclude Include="Win33MenuBar.h">
      <Filter>Win33\Menus</Filter>
    </ClInclude>
    <ClInclude Include="Win33Menu.h">
      <Filter>Win33\Menus</Filter>
    </ClInclude>
    <ClInclude Include="Win33MenuItem.h">
      <Filter>Win33\Menus</Filter>
    </ClInclude>
    <ClInclude Include="Win33ContextMenu.h">
      <Filter>Win33\Menus</Filter>
    </ClInclude>
    <ClInclude Include="Win33Separator.h">
      <Filter>Win33\Menus</Filter>
    </ClInclude>
    <ClInclude Include="Win33Keys.h">
      <Filter>Win33\Utility</Filter>
    </ClInclude>
  </ItemGroup>
  <ItemGroup>
    <ClCompile Include="Win33Application.cpp">
      <Filter>Win33\Application</Filter>
    </ClCompile>
    <ClCompile Include="Win33Button.cpp">
      <Filter>Win33\Controls\Buttons</Filter>
    </ClCompile>
    <ClCompile Include="Win33CheckBox.cpp">
      <Filter>Win33\Controls\Buttons</Filter>
    </ClCompile>
    <ClCompile Include="Win33Common.cpp">
      <Filter>Win33\Core</Filter>
    </ClCompile>
    <ClCompile Include="Win33Console.cpp">
      <Filter>Win33\Console</Filter>
    </ClCompile>
    <ClCompile Include="Win33Control.cpp">
      <Filter>Win33\Controls</Filter>
    </ClCompile>
    <ClCompile Include="Win33Font.cpp">
      <Filter>Win33\Resource</Filter>
    </ClCompile>
    <ClCompile Include="Win33GroupBox.cpp">
      <Filter>Win33\Controls\Misc</Filter>
    </ClCompile>
    <ClCompile Include="Win33Icon.cpp">
      <Filter>Win33\Resource</Filter>
    </ClCompile>
    <ClCompile Include="Win33Interop.cpp">
      <Filter>Win33\Interop</Filter>
    </ClCompile>
    <ClCompile Include="Win33Label.cpp">
      <Filter>Win33\Controls\Text</Filter>
    </ClCompile>
    <ClCompile Include="Win33MultilineTextBox.cpp">
      <Filter>Win33\Controls\Text Boxes</Filter>
    </ClCompile>
    <ClCompile Include="Win33PasswordBox.cpp">
      <Filter>Win33\Controls\Text Boxes</Filter>
    </ClCompile>
    <ClCompile Include="Win33Point.cpp">
      <Filter>Win33\Utility</Filter>
    </ClCompile>
    <ClCompile Include="Win33RadioButton.cpp">
      <Filter>Win33\Controls\Buttons</Filter>
    </ClCompile>
    <ClCompile Include="Win33Size.cpp">
      <Filter>Win33\Utility</Filter>
    </ClCompile>
    <ClCompile Include="Win33System.cpp">
      <Filter>Win33\Core</Filter>
    </ClCompile>
    <ClCompile Include="Win33TextBox.cpp">
      <Filter>Win33\Controls\Text Boxes</Filter>
    </ClCompile>
    <ClCompile Include="Win33TrayIcon.cpp">
      <Filter>Win33\System Tray</Filter>
    </ClCompile>
    <ClCompile Include="Win33Window.cpp">
      <Filter>Win33\Windows</Filter>
    </ClCompile>
    <ClCompile Include="Win33PopupBox.cpp">
      <Filter>Win33\Windows</Filter>
    </ClCompile>
    <ClCompile Include="Win33ComboBox.cpp">
      <Filter>Win33\Controls\Combo Boxes</Filter>
    </ClCompile>
    <ClCompile Include="Win33DropDown.cpp">
      <Filter>Win33\Controls\Combo Boxes</Filter>
    </ClCompile>
    <ClCompile Include="Win33StringUtilities.cpp">
      <Filter>Win33\Utility</Filter>
    </ClCompile>
    <ClCompile Include="Win33ListBox.cpp">
      <Filter>Win33\Controls\List Boxes</Filter>
    </ClCompile>
    <ClCompile Include="Win33MultiSelectListBox.cpp">
      <Filter>Win33\Controls\List Boxes</Filter>
    </ClCompile>
    <ClCompile Include="Win33MenuBar.cpp">
      <Filter>Win33\Menus</Filter>
    </ClCompile>
    <ClCompile Include="Win33Menu.cpp">
      <Filter>Win33\Menus</Filter>
    </ClCompile>
    <ClCompile Include="Win33MenuItem.cpp">
      <Filter>Win33\Menus</Filter>
    </ClCompile>
    <ClCompile Include="Win33ContextMenu.cpp">
      <Filter>Win33\Menus</Filter>
    </ClCompile>
    <ClCompile Include="Win33Separator.cpp">
      <Filter>Win33\Menus</Filter>
    </ClCompile>
    <ClCompile Include="Win33Keys.cpp">
      <Filter>Win33\Utility</Filter>
    </ClCompile>
  </ItemGroup>
</Project>